<?xml version="1.0" encoding="utf-8"?>
<Project ToolsVersion="4.0" xmlns="http://schemas.microsoft.com/developer/msbuild/2003">
  <ItemGroup>
    <Filter Include="Source Files">
      <UniqueIdentifier>{409c6d69-aaf2-4901-bd18-4ba00fe57589}</UniqueIdentifier>
      <Extensions>cpp;c;cxx;rc;def;r;odl;idl;hpj;bat</Extensions>
    </Filter>
    <Filter Include="Header Files">
      <UniqueIdentifier>{ab207b62-4d48-41ac-9f8b-6f4e5056f4fb}</UniqueIdentifier>
      <Extensions>h;hpp;hxx;hm;inl</Extensions>
    </Filter>
  </ItemGroup>
  <ItemGroup>
    <ClCompile Include="CardBitmaps.cpp">
      <Filter>Source Files</Filter>
    </ClCompile>
    <ClCompile Include="CardButton.cpp">
      <Filter>Source Files</Filter>
    </ClCompile>
    <ClCompile Include="CardColor.cpp">
      <Filter>Source Files</Filter>
    </ClCompile>
    <ClCompile Include="CardCount.cpp">
      <Filter>Source Files</Filter>
    </ClCompile>
    <ClCompile Include="CardLib.cpp">
      <Filter>Source Files</Filter>
    </ClCompile>
    <ClCompile Include="CardRegion.cpp">
      <Filter>Source Files</Filter>
    </ClCompile>
    <ClCompile Include="CardRgnDraw.cpp">
      <Filter>Source Files</Filter>
    </ClCompile>
    <ClCompile Include="CardRgnMouse.cpp">
      <Filter>Source Files</Filter>
    </ClCompile>
    <ClCompile Include="CardStack.cpp">
      <Filter>Source Files</Filter>
    </ClCompile>
    <ClCompile Include="CardWindow.cpp">
      <Filter>Source Files</Filter>
    </ClCompile>
    <ClCompile Include="DropZone.cpp">
      <Filter>Source Files</Filter>
    </ClCompile>
  </ItemGroup>
  <ItemGroup>
    <ClInclude Include="Card.h">
      <Filter>Header Files</Filter>
    </ClInclude>
    <ClInclude Include="CardButton.h">
      <Filter>Header Files</Filter>
    </ClInclude>
    <ClInclude Include="CardColor.h">
      <Filter>Header Files</Filter>
    </ClInclude>
    <ClInclude Include="CardCount.h">
      <Filter>Header Files</Filter>
    </ClInclude>
    <ClInclude Include="CardLib.h">
      <Filter>Header Files</Filter>
    </ClInclude>
    <ClInclude Include="CardRegion.h">
      <Filter>Header Files</Filter>
    </ClInclude>
    <ClInclude Include="CardStack.h">
      <Filter>Header Files</Filter>
    </ClInclude>
    <ClInclude Include="CardWindow.h">
      <Filter>Header Files</Filter>
    </ClInclude>
    <ClInclude Include="DropZone.h">
      <Filter>Header Files</Filter>
    </ClInclude>
    <ClInclude Include="Globals.h">
      <Filter>Header Files</Filter>
    </ClInclude>
  </ItemGroup>
</Project>